// !$*UTF8*$!
{
	archiveVersion = 1;
	classes = {
	};
	objectVersion = 55;
	objects = {

/* Begin PBXBuildFile section */
		84ADC1412871C7C700F70597 /* LICENSE in Resources */ = {isa = PBXBuildFile; fileRef = 84ADC1402871C7C700F70597 /* LICENSE */; };
		84B1F5C62870519000909A45 /* RWPickFlavor.docc in Sources */ = {isa = PBXBuildFile; fileRef = 84B1F5C52870519000909A45 /* RWPickFlavor.docc */; };
		84B1F5C72870519000909A45 /* RWPickFlavor.h in Headers */ = {isa = PBXBuildFile; fileRef = 84B1F5C42870519000909A45 /* RWPickFlavor.h */; settings = {ATTRIBUTES = (Public, ); }; };
		84B1F5DC2870538900909A45 /* Main.storyboard in Resources */ = {isa = PBXBuildFile; fileRef = 84B1F5CE2870538800909A45 /* Main.storyboard */; };
		84B1F5DD2870538900909A45 /* ScoopView.swift in Sources */ = {isa = PBXBuildFile; fileRef = 84B1F5D02870538800909A45 /* ScoopView.swift */; };
		84B1F5DE2870538900909A45 /* ScoopCell.swift in Sources */ = {isa = PBXBuildFile; fileRef = 84B1F5D12870538800909A45 /* ScoopCell.swift */; };
		84B1F5DF2870538900909A45 /* IceCreamView.swift in Sources */ = {isa = PBXBuildFile; fileRef = 84B1F5D22870538800909A45 /* IceCreamView.swift */; };
		84B1F5E02870538900909A45 /* Images.xcassets in Resources */ = {isa = PBXBuildFile; fileRef = 84B1F5D42870538900909A45 /* Images.xcassets */; };
		84B1F5E12870538900909A45 /* RGBAColorFromString.swift in Sources */ = {isa = PBXBuildFile; fileRef = 84B1F5D62870538900909A45 /* RGBAColorFromString.swift */; };
		84B1F5E22870538900909A45 /* Flavor.swift in Sources */ = {isa = PBXBuildFile; fileRef = 84B1F5D82870538900909A45 /* Flavor.swift */; };
		84B1F5E32870538900909A45 /* PickFlavorDataSource.swift in Sources */ = {isa = PBXBuildFile; fileRef = 84B1F5DA2870538900909A45 /* PickFlavorDataSource.swift */; };
		84B1F5E42870538900909A45 /* PickFlavorViewController.swift in Sources */ = {isa = PBXBuildFile; fileRef = 84B1F5DB2870538900909A45 /* PickFlavorViewController.swift */; };
		9776804D46B60FF41DCDAC79 /* Pods_RWPickFlavor.framework in Frameworks */ = {isa = PBXBuildFile; fileRef = 45D11630B3324B3E5B2764E3 /* Pods_RWPickFlavor.framework */; };
/* End PBXBuildFile section */

/* Begin PBXFileReference section */
		1E0DD8740A408A8CC5BB66B2 /* Pods-RWPickFlavor.debug.xcconfig */ = {isa = PBXFileReference; includeInIndex = 1; lastKnownFileType = text.xcconfig; name = "Pods-RWPickFlavor.debug.xcconfig"; path = "Target Support Files/Pods-RWPickFlavor/Pods-RWPickFlavor.debug.xcconfig"; sourceTree = "<group>"; };
		45D11630B3324B3E5B2764E3 /* Pods_RWPickFlavor.framework */ = {isa = PBXFileReference; explicitFileType = wrapper.framework; includeInIndex = 0; path = Pods_RWPickFlavor.framework; sourceTree = BUILT_PRODUCTS_DIR; };
		4DD417307A28ABDB35A79E93 /* Pods-RWPickFlavor.release.xcconfig */ = {isa = PBXFileReference; includeInIndex = 1; lastKnownFileType = text.xcconfig; name = "Pods-RWPickFlavor.release.xcconfig"; path = "Target Support Files/Pods-RWPickFlavor/Pods-RWPickFlavor.release.xcconfig"; sourceTree = "<group>"; };
		84ADC1402871C7C700F70597 /* LICENSE */ = {isa = PBXFileReference; fileEncoding = 4; lastKnownFileType = text; path = LICENSE; sourceTree = SOURCE_ROOT; };
		84B1F5C12870519000909A45 /* RWPickFlavor.framework */ = {isa = PBXFileReference; explicitFileType = wrapper.framework; includeInIndex = 0; path = RWPickFlavor.framework; sourceTree = BUILT_PRODUCTS_DIR; };
		84B1F5C42870519000909A45 /* RWPickFlavor.h */ = {isa = PBXFileReference; lastKnownFileType = sourcecode.c.h; path = RWPickFlavor.h; sourceTree = "<group>"; };
		84B1F5C52870519000909A45 /* RWPickFlavor.docc */ = {isa = PBXFileReference; lastKnownFileType = folder.documentationcatalog; path = RWPickFlavor.docc; sourceTree = "<group>"; };
		84B1F5CF2870538800909A45 /* Base */ = {isa = PBXFileReference; lastKnownFileType = file.storyboard; name = Base; path = Base.lproj/Main.storyboard; sourceTree = "<group>"; };
		84B1F5D02870538800909A45 /* ScoopView.swift */ = {isa = PBXFileReference; fileEncoding = 4; lastKnownFileType = sourcecode.swift; path = ScoopView.swift; sourceTree = "<group>"; };
		84B1F5D12870538800909A45 /* ScoopCell.swift */ = {isa = PBXFileReference; fileEncoding = 4; lastKnownFileType = sourcecode.swift; path = ScoopCell.swift; sourceTree = "<group>"; };
		84B1F5D22870538800909A45 /* IceCreamView.swift */ = {isa = PBXFileReference; fileEncoding = 4; lastKnownFileType = sourcecode.swift; path = IceCreamView.swift; sourceTree = "<group>"; };
		84B1F5D42870538900909A45 /* Images.xcassets */ = {isa = PBXFileReference; lastKnownFileType = folder.assetcatalog; path = Images.xcassets; sourceTree = "<group>"; };
		84B1F5D62870538900909A45 /* RGBAColorFromString.swift */ = {isa = PBXFileReference; fileEncoding = 4; lastKnownFileType = sourcecode.swift; path = RGBAColorFromString.swift; sourceTree = "<group>"; };
		84B1F5D82870538900909A45 /* Flavor.swift */ = {isa = PBXFileReference; fileEncoding = 4; lastKnownFileType = sourcecode.swift; path = Flavor.swift; sourceTree = "<group>"; };
		84B1F5DA2870538900909A45 /* PickFlavorDataSource.swift */ = {isa = PBXFileReference; fileEncoding = 4; lastKnownFileType = sourcecode.swift; path = PickFlavorDataSource.swift; sourceTree = "<group>"; };
		84B1F5DB2870538900909A45 /* PickFlavorViewController.swift */ = {isa = PBXFileReference; fileEncoding = 4; lastKnownFileType = sourcecode.swift; path = PickFlavorViewController.swift; sourceTree = "<group>"; };
/* End PBXFileReference section */

/* Begin PBXFrameworksBuildPhase section */
		84B1F5BE2870519000909A45 /* Frameworks */ = {
			isa = PBXFrameworksBuildPhase;
			buildActionMask = 2147483647;
			files = (
				9776804D46B60FF41DCDAC79 /* Pods_RWPickFlavor.framework in Frameworks */,
			);
			runOnlyForDeploymentPostprocessing = 0;
		};
/* End PBXFrameworksBuildPhase section */

/* Begin PBXGroup section */
		116C397911B6C8B91E22B482 /* Frameworks */ = {
			isa = PBXGroup;
			children = (
				45D11630B3324B3E5B2764E3 /* Pods_RWPickFlavor.framework */,
			);
			name = Frameworks;
			sourceTree = "<group>";
		};
		84B1F5B72870519000909A45 = {
			isa = PBXGroup;
			children = (
				84B1F5C32870519000909A45 /* RWPickFlavor */,
				84B1F5C22870519000909A45 /* Products */,
				F599615C28AFB4E9B1ADD52A /* Pods */,
				116C397911B6C8B91E22B482 /* Frameworks */,
			);
			sourceTree = "<group>";
		};
		84B1F5C22870519000909A45 /* Products */ = {
			isa = PBXGroup;
			children = (
				84B1F5C12870519000909A45 /* RWPickFlavor.framework */,
			);
			name = Products;
			sourceTree = "<group>";
		};
		84B1F5C32870519000909A45 /* RWPickFlavor */ = {
			isa = PBXGroup;
			children = (
				84ADC1402871C7C700F70597 /* LICENSE */,
				84B1F5D52870538900909A45 /* Categories */,
				84B1F5D92870538900909A45 /* Controllers */,
				84B1F5D72870538900909A45 /* Models */,
				84B1F5D32870538900909A45 /* Resources */,
				84B1F5CD2870538800909A45 /* Views */,
				84B1F5C42870519000909A45 /* RWPickFlavor.h */,
				84B1F5C52870519000909A45 /* RWPickFlavor.docc */,
			);
			path = RWPickFlavor;
			sourceTree = "<group>";
		};
		84B1F5CD2870538800909A45 /* Views */ = {
			isa = PBXGroup;
			children = (
				84B1F5CE2870538800909A45 /* Main.storyboard */,
				84B1F5D02870538800909A45 /* ScoopView.swift */,
				84B1F5D12870538800909A45 /* ScoopCell.swift */,
				84B1F5D22870538800909A45 /* IceCreamView.swift */,
			);
			path = Views;
			sourceTree = "<group>";
		};
		84B1F5D32870538900909A45 /* Resources */ = {
			isa = PBXGroup;
			children = (
				84B1F5D42870538900909A45 /* Images.xcassets */,
			);
			path = Resources;
			sourceTree = "<group>";
		};
		84B1F5D52870538900909A45 /* Categories */ = {
			isa = PBXGroup;
			children = (
				84B1F5D62870538900909A45 /* RGBAColorFromString.swift */,
			);
			path = Categories;
			sourceTree = "<group>";
		};
		84B1F5D72870538900909A45 /* Models */ = {
			isa = PBXGroup;
			children = (
				84B1F5D82870538900909A45 /* Flavor.swift */,
			);
			path = Models;
			sourceTree = "<group>";
		};
		84B1F5D92870538900909A45 /* Controllers */ = {
			isa = PBXGroup;
			children = (
				84B1F5DA2870538900909A45 /* PickFlavorDataSource.swift */,
				84B1F5DB2870538900909A45 /* PickFlavorViewController.swift */,
			);
			path = Controllers;
			sourceTree = "<group>";
		};
		F599615C28AFB4E9B1ADD52A /* Pods */ = {
			isa = PBXGroup;
			children = (
				1E0DD8740A408A8CC5BB66B2 /* Pods-RWPickFlavor.debug.xcconfig */,
				4DD417307A28ABDB35A79E93 /* Pods-RWPickFlavor.release.xcconfig */,
			);
			path = Pods;
			sourceTree = "<group>";
		};
/* End PBXGroup section */

/* Begin PBXHeadersBuildPhase section */
		84B1F5BC2870519000909A45 /* Headers */ = {
			isa = PBXHeadersBuildPhase;
			buildActionMask = 2147483647;
			files = (
				84B1F5C72870519000909A45 /* RWPickFlavor.h in Headers */,
			);
			runOnlyForDeploymentPostprocessing = 0;
		};
/* End PBXHeadersBuildPhase section */

/* Begin PBXNativeTarget section */
		84B1F5C02870519000909A45 /* RWPickFlavor */ = {
			isa = PBXNativeTarget;
			buildConfigurationList = 84B1F5CA2870519000909A45 /* Build configuration list for PBXNativeTarget "RWPickFlavor" */;
			buildPhases = (
				D8A0DE32C65EA76FB1EFC71A /* [CP] Check Pods Manifest.lock */,
				84B1F5BC2870519000909A45 /* Headers */,
				84B1F5BD2870519000909A45 /* Sources */,
				84B1F5BE2870519000909A45 /* Frameworks */,
				84B1F5BF2870519000909A45 /* Resources */,
			);
			buildRules = (
			);
			dependencies = (
			);
			name = RWPickFlavor;
			productName = RWPickFlavor;
			productReference = 84B1F5C12870519000909A45 /* RWPickFlavor.framework */;
			productType = "com.apple.product-type.framework";
		};
/* End PBXNativeTarget section */

/* Begin PBXProject section */
		84B1F5B82870519000909A45 /* Project object */ = {
			isa = PBXProject;
			attributes = {
				BuildIndependentTargetsInParallel = 1;
				LastUpgradeCheck = 1340;
				TargetAttributes = {
					84B1F5C02870519000909A45 = {
						CreatedOnToolsVersion = 13.4.1;
					};
				};
			};
			buildConfigurationList = 84B1F5BB2870519000909A45 /* Build configuration list for PBXProject "RWPickFlavor" */;
			compatibilityVersion = "Xcode 13.0";
			developmentRegion = en;
			hasScannedForEncodings = 0;
			knownRegions = (
				en,
				Base,
			);
			mainGroup = 84B1F5B72870519000909A45;
			productRefGroup = 84B1F5C22870519000909A45 /* Products */;
			projectDirPath = "";
			projectRoot = "";
			targets = (
				84B1F5C02870519000909A45 /* RWPickFlavor */,
			);
		};
/* End PBXProject section */

/* Begin PBXResourcesBuildPhase section */
		84B1F5BF2870519000909A45 /* Resources */ = {
			isa = PBXResourcesBuildPhase;
			buildActionMask = 2147483647;
			files = (
				84B1F5DC2870538900909A45 /* Main.storyboard in Resources */,
				84ADC1412871C7C700F70597 /* LICENSE in Resources */,
				84B1F5E02870538900909A45 /* Images.xcassets in Resources */,
			);
			runOnlyForDeploymentPostprocessing = 0;
		};
/* End PBXResourcesBuildPhase section */

/* Begin PBXShellScriptBuildPhase section */
		D8A0DE32C65EA76FB1EFC71A /* [CP] Check Pods Manifest.lock */ = {
			isa = PBXShellScriptBuildPhase;
			buildActionMask = 2147483647;
			files = (
			);
			inputFileListPaths = (
			);
			inputPaths = (
				"${PODS_PODFILE_DIR_PATH}/Podfile.lock",
				"${PODS_ROOT}/Manifest.lock",
			);
			name = "[CP] Check Pods Manifest.lock";
			outputFileListPaths = (
			);
			outputPaths = (
				"$(DERIVED_FILE_DIR)/Pods-RWPickFlavor-checkManifestLockResult.txt",
			);
			runOnlyForDeploymentPostprocessing = 0;
			shellPath = /bin/sh;
			shellScript = "diff \"${PODS_PODFILE_DIR_PATH}/Podfile.lock\" \"${PODS_ROOT}/Manifest.lock\" > /dev/null\nif [ $? != 0 ] ; then\n    # print error to STDERR\n    echo \"error: The sandbox is not in sync with the Podfile.lock. Run 'pod install' or update your CocoaPods installation.\" >&2\n    exit 1\nfi\n# This output is used by Xcode 'outputs' to avoid re-running this script phase.\necho \"SUCCESS\" > \"${SCRIPT_OUTPUT_FILE_0}\"\n";
			showEnvVarsInLog = 0;
		};
/* End PBXShellScriptBuildPhase section */

/* Begin PBXSourcesBuildPhase section */
		84B1F5BD2870519000909A45 /* Sources */ = {
			isa = PBXSourcesBuildPhase;
			buildActionMask = 2147483647;
			files = (
				84B1F5DE2870538900909A45 /* ScoopCell.swift in Sources */,
				84B1F5E42870538900909A45 /* PickFlavorViewController.swift in Sources */,
				84B1F5E32870538900909A45 /* PickFlavorDataSource.swift in Sources */,
				84B1F5DF2870538900909A45 /* IceCreamView.swift in Sources */,
				84B1F5E12870538900909A45 /* RGBAColorFromString.swift in Sources */,
				84B1F5E22870538900909A45 /* Flavor.swift in Sources */,
				84B1F5C62870519000909A45 /* RWPickFlavor.docc in Sources */,
				84B1F5DD2870538900909A45 /* ScoopView.swift in Sources */,
			);
			runOnlyForDeploymentPostprocessing = 0;
		};
/* End PBXSourcesBuildPhase section */

/* Begin PBXVariantGroup section */
		84B1F5CE2870538800909A45 /* Main.storyboard */ = {
			isa = PBXVariantGroup;
			children = (
				84B1F5CF2870538800909A45 /* Base */,
			);
			name = Main.storyboard;
			sourceTree = "<group>";
		};
/* End PBXVariantGroup section */

/* Begin XCBuildConfiguration section */
		84B1F5C82870519000909A45 /* Debug */ = {
			isa = XCBuildConfiguration;
			buildSettings = {
				ALWAYS_SEARCH_USER_PATHS = NO;
				CLANG_ANALYZER_NONNULL = YES;
				CLANG_ANALYZER_NUMBER_OBJECT_CONVERSION = YES_AGGRESSIVE;
				CLANG_CXX_LANGUAGE_STANDARD = "gnu++17";
				CLANG_ENABLE_MODULES = YES;
				CLANG_ENABLE_OBJC_ARC = YES;
				CLANG_ENABLE_OBJC_WEAK = YES;
				CLANG_WARN_BLOCK_CAPTURE_AUTORELEASING = YES;
				CLANG_WARN_BOOL_CONVERSION = YES;
				CLANG_WARN_COMMA = YES;
				CLANG_WARN_CONSTANT_CONVERSION = YES;
				CLANG_WARN_DEPRECATED_OBJC_IMPLEMENTATIONS = YES;
				CLANG_WARN_DIRECT_OBJC_ISA_USAGE = YES_ERROR;
				CLANG_WARN_DOCUMENTATION_COMMENTS = YES;
				CLANG_WARN_EMPTY_BODY = YES;
				CLANG_WARN_ENUM_CONVERSION = YES;
				CLANG_WARN_INFINITE_RECURSION = YES;
				CLANG_WARN_INT_CONVERSION = YES;
				CLANG_WARN_NON_LITERAL_NULL_CONVERSION = YES;
				CLANG_WARN_OBJC_IMPLICIT_RETAIN_SELF = YES;
				CLANG_WARN_OBJC_LITERAL_CONVERSION = YES;
				CLANG_WARN_OBJC_ROOT_CLASS = YES_ERROR;
				CLANG_WARN_QUOTED_INCLUDE_IN_FRAMEWORK_HEADER = YES;
				CLANG_WARN_RANGE_LOOP_ANALYSIS = YES;
				CLANG_WARN_STRICT_PROTOTYPES = YES;
				CLANG_WARN_SUSPICIOUS_MOVE = YES;
				CLANG_WARN_UNGUARDED_AVAILABILITY = YES_AGGRESSIVE;
				CLANG_WARN_UNREACHABLE_CODE = YES;
				CLANG_WARN__DUPLICATE_METHOD_MATCH = YES;
				COPY_PHASE_STRIP = NO;
				CURRENT_PROJECT_VERSION = 1;
				DEBUG_INFORMATION_FORMAT = dwarf;
				ENABLE_STRICT_OBJC_MSGSEND = YES;
				ENABLE_TESTABILITY = YES;
				GCC_C_LANGUAGE_STANDARD = gnu11;
				GCC_DYNAMIC_NO_PIC = NO;
				GCC_NO_COMMON_BLOCKS = YES;
				GCC_OPTIMIZATION_LEVEL = 0;
				GCC_PREPROCESSOR_DEFINITIONS = (
					"DEBUG=1",
					"$(inherited)",
				);
				GCC_WARN_64_TO_32_BIT_CONVERSION = YES;
				GCC_WARN_ABOUT_RETURN_TYPE = YES_ERROR;
				GCC_WARN_UNDECLARED_SELECTOR = YES;
				GCC_WARN_UNINITIALIZED_AUTOS = YES_AGGRESSIVE;
				GCC_WARN_UNUSED_FUNCTION = YES;
				GCC_WARN_UNUSED_VARIABLE = YES;
				IPHONEOS_DEPLOYMENT_TARGET = 15.5;
				MTL_ENABLE_DEBUG_INFO = INCLUDE_SOURCE;
				MTL_FAST_MATH = YES;
				ONLY_ACTIVE_ARCH = YES;
				SDKROOT = iphoneos;
				SWIFT_ACTIVE_COMPILATION_CONDITIONS = DEBUG;
				SWIFT_OPTIMIZATION_LEVEL = "-Onone";
				VERSIONING_SYSTEM = "apple-generic";
				VERSION_INFO_PREFIX = "";
			};
			name = Debug;
		};
		84B1F5C92870519000909A45 /* Release */ = {
			isa = XCBuildConfiguration;
			buildSettings = {
				ALWAYS_SEARCH_USER_PATHS = NO;
				CLANG_ANALYZER_NONNULL = YES;
				CLANG_ANALYZER_NUMBER_OBJECT_CONVERSION = YES_AGGRESSIVE;
				CLANG_CXX_LANGUAGE_STANDARD = "gnu++17";
				CLANG_ENABLE_MODULES = YES;
				CLANG_ENABLE_OBJC_ARC = YES;
				CLANG_ENABLE_OBJC_WEAK = YES;
				CLANG_WARN_BLOCK_CAPTURE_AUTORELEASING = YES;
				CLANG_WARN_BOOL_CONVERSION = YES;
				CLANG_WARN_COMMA = YES;
				CLANG_WARN_CONSTANT_CONVERSION = YES;
				CLANG_WARN_DEPRECATED_OBJC_IMPLEMENTATIONS = YES;
				CLANG_WARN_DIRECT_OBJC_ISA_USAGE = YES_ERROR;
				CLANG_WARN_DOCUMENTATION_COMMENTS = YES;
				CLANG_WARN_EMPTY_BODY = YES;
				CLANG_WARN_ENUM_CONVERSION = YES;
				CLANG_WARN_INFINITE_RECURSION = YES;
				CLANG_WARN_INT_CONVERSION = YES;
				CLANG_WARN_NON_LITERAL_NULL_CONVERSION = YES;
				CLANG_WARN_OBJC_IMPLICIT_RETAIN_SELF = YES;
				CLANG_WARN_OBJC_LITERAL_CONVERSION = YES;
				CLANG_WARN_OBJC_ROOT_CLASS = YES_ERROR;
				CLANG_WARN_QUOTED_INCLUDE_IN_FRAMEWORK_HEADER = YES;
				CLANG_WARN_RANGE_LOOP_ANALYSIS = YES;
				CLANG_WARN_STRICT_PROTOTYPES = YES;
				CLANG_WARN_SUSPICIOUS_MOVE = YES;
				CLANG_WARN_UNGUARDED_AVAILABILITY = YES_AGGRESSIVE;
				CLANG_WARN_UNREACHABLE_CODE = YES;
				CLANG_WARN__DUPLICATE_METHOD_MATCH = YES;
				COPY_PHASE_STRIP = NO;
				CURRENT_PROJECT_VERSION = 1;
				DEBUG_INFORMATION_FORMAT = "dwarf-with-dsym";
				ENABLE_NS_ASSERTIONS = NO;
				ENABLE_STRICT_OBJC_MSGSEND = YES;
				GCC_C_LANGUAGE_STANDARD = gnu11;
				GCC_NO_COMMON_BLOCKS = YES;
				GCC_WARN_64_TO_32_BIT_CONVERSION = YES;
				GCC_WARN_ABOUT_RETURN_TYPE = YES_ERROR;
				GCC_WARN_UNDECLARED_SELECTOR = YES;
				GCC_WARN_UNINITIALIZED_AUTOS = YES_AGGRESSIVE;
				GCC_WARN_UNUSED_FUNCTION = YES;
				GCC_WARN_UNUSED_VARIABLE = YES;
				IPHONEOS_DEPLOYMENT_TARGET = 15.5;
				MTL_ENABLE_DEBUG_INFO = NO;
				MTL_FAST_MATH = YES;
				SDKROOT = iphoneos;
				SWIFT_COMPILATION_MODE = wholemodule;
				SWIFT_OPTIMIZATION_LEVEL = "-O";
				VALIDATE_PRODUCT = YES;
				VERSIONING_SYSTEM = "apple-generic";
				VERSION_INFO_PREFIX = "";
			};
			name = Release;
		};
		84B1F5CB2870519000909A45 /* Debug */ = {
			isa = XCBuildConfiguration;
			baseConfigurationReference = 1E0DD8740A408A8CC5BB66B2 /* Pods-RWPickFlavor.debug.xcconfig */;
			buildSettings = {
				CODE_SIGN_STYLE = Automatic;
				CURRENT_PROJECT_VERSION = 1;
				DEFINES_MODULE = YES;
				DEVELOPMENT_TEAM = AU5FFN8K99;
				DYLIB_COMPATIBILITY_VERSION = 1;
				DYLIB_CURRENT_VERSION = 1;
				DYLIB_INSTALL_NAME_BASE = "@rpath";
				GENERATE_INFOPLIST_FILE = YES;
				INFOPLIST_KEY_NSHumanReadableCopyright = "";
				INSTALL_PATH = "$(LOCAL_LIBRARY_DIR)/Frameworks";
				LD_RUNPATH_SEARCH_PATHS = (
					"$(inherited)",
					"@executable_path/Frameworks",
					"@loader_path/Frameworks",
				);
				MARKETING_VERSION = 1.0;
				PRODUCT_BUNDLE_IDENTIFIER = com.AntMedia.RWPickFlavor;
				PRODUCT_NAME = "$(TARGET_NAME:c99extidentifier)";
				SKIP_INSTALL = YES;
				SWIFT_EMIT_LOC_STRINGS = YES;
				SWIFT_VERSION = 5.0;
				TARGETED_DEVICE_FAMILY = "1,2";
			};
			name = Debug;
		};
		84B1F5CC2870519000909A45 /* Release */ = {
			isa = XCBuildConfiguration;
			baseConfigurationReference = 4DD417307A28ABDB35A79E93 /* Pods-RWPickFlavor.release.xcconfig */;
			buildSettings = {
				CODE_SIGN_STYLE = Automatic;
				CURRENT_PROJECT_VERSION = 1;
				DEFINES_MODULE = YES;
				DEVELOPMENT_TEAM = AU5FFN8K99;
				DYLIB_COMPATIBILITY_VERSION = 1;
				DYLIB_CURRENT_VERSION = 1;
				DYLIB_INSTALL_NAME_BASE = "@rpath";
				GENERATE_INFOPLIST_FILE = YES;
				INFOPLIST_KEY_NSHumanReadableCopyright = "";
				INSTALL_PATH = "$(LOCAL_LIBRARY_DIR)/Frameworks";
				LD_RUNPATH_SEARCH_PATHS = (
					"$(inherited)",
					"@executable_path/Frameworks",
					"@loader_path/Frameworks",
				);
				MARKETING_VERSION = 1.0;
				PRODUCT_BUNDLE_IDENTIFIER = com.AntMedia.RWPickFlavor;
				PRODUCT_NAME = "$(TARGET_NAME:c99extidentifier)";
				SKIP_INSTALL = YES;
				SWIFT_EMIT_LOC_STRINGS = YES;
				SWIFT_VERSION = 5.0;
				TARGETED_DEVICE_FAMILY = "1,2";
			};
			name = Release;
		};
/* End XCBuildConfiguration section */

/* Begin XCConfigurationList section */
		84B1F5BB2870519000909A45 /* Build configuration list for PBXProject "RWPickFlavor" */ = {
			isa = XCConfigurationList;
			buildConfigurations = (
				84B1F5C82870519000909A45 /* Debug */,
				84B1F5C92870519000909A45 /* Release */,
			);
			defaultConfigurationIsVisible = 0;
			defaultConfigurationName = Release;
		};
		84B1F5CA2870519000909A45 /* Build configuration list for PBXNativeTarget "RWPickFlavor" */ = {
			isa = XCConfigurationList;
			buildConfigurations = (
				84B1F5CB2870519000909A45 /* Debug */,
				84B1F5CC2870519000909A45 /* Release */,
			);
			defaultConfigurationIsVisible = 0;
			defaultConfigurationName = Release;
		};
/* End XCConfigurationList section */
	};
	rootObject = 84B1F5B82870519000909A45 /* Project object */;
}
